mjpclab.dev/ghfs v1.15.5 h1:+y3K5P6VLrNjAZnSoCB0iZRy9QfM5YYpOOlxHQGpnmo=
mjpclab.dev/ghfs v1.15.5/go.mod h1:mwJoteyRIJ9QXBxai58QmsHvTb29GFBbaumgZWpxxqk=
mjpclab.dev/ghfs v1.15.6 h1:avCTqb2V3Jd/mZJi8amrYMWBTFcKBJDcPeossBpo9W8=
mjpclab.dev/ghfs v1.15.6/go.mod h1:mwJoteyRIJ9QXBxai58QmsHvTb29GFBbaumgZWpxxqk=
